Microsoft Visual Studio Solution File, Format Version 12.00
# Visual Studio Version 17
VisualStudioVersion = 17.5.2.0
MinimumVisualStudioVersion = 10.0.40219.1
Project("{FAE04EC0-301F-11D3-BF4B-00C04F79EFBC}") = "FP 04.05", "FP 04.05.csproj", "{BAF5C25F-608A-D07A-0F8D-71105A02A631}"
EndProject
Global
	GlobalSection(SolutionConfigurationPlatforms) = preSolution
		Debug|Any CPU = Debug|Any CPU
		Release|Any CPU = Release|Any CPU
	EndGlobalSection
	GlobalSection(ProjectConfigurationPlatforms) = postSolution
		{BAF5C25F-608A-D07A-0F8D-71105A02A631}.Debug|Any CPU.ActiveCfg = Debug|Any CPU
		{BAF5C25F-608A-D07A-0F8D-71105A02A631}.Debug|Any CPU.Build.0 = Debug|Any CPU
		{BAF5C25F-608A-D07A-0F8D-71105A02A631}.Release|Any CPU.ActiveCfg = Release|Any CPU
		{BAF5C25F-608A-D07A-0F8D-71105A02A631}.Release|Any CPU.Build.0 = Release|Any CPU
	EndGlobalSection
	GlobalSection(SolutionProperties) = preSolution
		HideSolutionNode = FALSE
	EndGlobalSection
	GlobalSection(ExtensibilityGlobals) = postSolution
		SolutionGuid = {EF3E21D7-7F4E-468C-B25C-22EFC3EF1F17}
	EndGlobalSection
EndGlobal
