Microsoft Visual Studio Solution File, Format Version 12.00
# Visual Studio Version 17
VisualStudioVersion = 17.5.2.0
MinimumVisualStudioVersion = 10.0.40219.1
Project("{FAE04EC0-301F-11D3-BF4B-00C04F79EFBC}") = "FP 05.07", "FP 05.07.csproj", "{34A01ABD-0FB7-7925-E73A-F651BBAFFAB3}"
EndProject
Global
	GlobalSection(SolutionConfigurationPlatforms) = preSolution
		Debug|Any CPU = Debug|Any CPU
		Release|Any CPU = Release|Any CPU
	EndGlobalSection
	GlobalSection(ProjectConfigurationPlatforms) = postSolution
		{34A01ABD-0FB7-7925-E73A-F651BBAFFAB3}.Debug|Any CPU.ActiveCfg = Debug|Any CPU
		{34A01ABD-0FB7-7925-E73A-F651BBAFFAB3}.Debug|Any CPU.Build.0 = Debug|Any CPU
		{34A01ABD-0FB7-7925-E73A-F651BBAFFAB3}.Release|Any CPU.ActiveCfg = Release|Any CPU
		{34A01ABD-0FB7-7925-E73A-F651BBAFFAB3}.Release|Any CPU.Build.0 = Release|Any CPU
	EndGlobalSection
	GlobalSection(SolutionProperties) = preSolution
		HideSolutionNode = FALSE
	EndGlobalSection
	GlobalSection(ExtensibilityGlobals) = postSolution
		SolutionGuid = {7674F94D-8312-43C0-9D1A-240E2FE34F68}
	EndGlobalSection
EndGlobal
