Microsoft Visual Studio Solution File, Format Version 12.00
# Visual Studio Version 17
VisualStudioVersion = 17.5.2.0
MinimumVisualStudioVersion = 10.0.40219.1
Project("{FAE04EC0-301F-11D3-BF4B-00C04F79EFBC}") = "FP 02.9", "FP 02.9.csproj", "{D09B5FD9-77C2-A5CC-A5FC-B11443D36AF8}"
EndProject
Global
	GlobalSection(SolutionConfigurationPlatforms) = preSolution
		Debug|Any CPU = Debug|Any CPU
		Release|Any CPU = Release|Any CPU
	EndGlobalSection
	GlobalSection(ProjectConfigurationPlatforms) = postSolution
		{D09B5FD9-77C2-A5CC-A5FC-B11443D36AF8}.Debug|Any CPU.ActiveCfg = Debug|Any CPU
		{D09B5FD9-77C2-A5CC-A5FC-B11443D36AF8}.Debug|Any CPU.Build.0 = Debug|Any CPU
		{D09B5FD9-77C2-A5CC-A5FC-B11443D36AF8}.Release|Any CPU.ActiveCfg = Release|Any CPU
		{D09B5FD9-77C2-A5CC-A5FC-B11443D36AF8}.Release|Any CPU.Build.0 = Release|Any CPU
	EndGlobalSection
	GlobalSection(SolutionProperties) = preSolution
		HideSolutionNode = FALSE
	EndGlobalSection
	GlobalSection(ExtensibilityGlobals) = postSolution
		SolutionGuid = {11B0EB41-B600-4597-858A-0FFE8BA1A90A}
	EndGlobalSection
EndGlobal
