Microsoft Visual Studio Solution File, Format Version 12.00
# Visual Studio Version 17
VisualStudioVersion = 17.5.2.0
MinimumVisualStudioVersion = 10.0.40219.1
Project("{FAE04EC0-301F-11D3-BF4B-00C04F79EFBC}") = "FP 05.05", "FP 05.05.csproj", "{684C5B50-BFB4-DB3D-5D86-F3390485A66B}"
EndProject
Global
	GlobalSection(SolutionConfigurationPlatforms) = preSolution
		Debug|Any CPU = Debug|Any CPU
		Release|Any CPU = Release|Any CPU
	EndGlobalSection
	GlobalSection(ProjectConfigurationPlatforms) = postSolution
		{684C5B50-BFB4-DB3D-5D86-F3390485A66B}.Debug|Any CPU.ActiveCfg = Debug|Any CPU
		{684C5B50-BFB4-DB3D-5D86-F3390485A66B}.Debug|Any CPU.Build.0 = Debug|Any CPU
		{684C5B50-BFB4-DB3D-5D86-F3390485A66B}.Release|Any CPU.ActiveCfg = Release|Any CPU
		{684C5B50-BFB4-DB3D-5D86-F3390485A66B}.Release|Any CPU.Build.0 = Release|Any CPU
	EndGlobalSection
	GlobalSection(SolutionProperties) = preSolution
		HideSolutionNode = FALSE
	EndGlobalSection
	GlobalSection(ExtensibilityGlobals) = postSolution
		SolutionGuid = {DAAE1BFC-1545-4099-834E-E5B9A8C98DD8}
	EndGlobalSection
EndGlobal
