Microsoft Visual Studio Solution File, Format Version 12.00
# Visual Studio Version 17
VisualStudioVersion = 17.5.2.0
MinimumVisualStudioVersion = 10.0.40219.1
Project("{FAE04EC0-301F-11D3-BF4B-00C04F79EFBC}") = "FP 02.6", "FP 02.6.csproj", "{13115FD8-63A1-FE84-C535-192CAD3D7731}"
EndProject
Global
	GlobalSection(SolutionConfigurationPlatforms) = preSolution
		Debug|Any CPU = Debug|Any CPU
		Release|Any CPU = Release|Any CPU
	EndGlobalSection
	GlobalSection(ProjectConfigurationPlatforms) = postSolution
		{13115FD8-63A1-FE84-C535-192CAD3D7731}.Debug|Any CPU.ActiveCfg = Debug|Any CPU
		{13115FD8-63A1-FE84-C535-192CAD3D7731}.Debug|Any CPU.Build.0 = Debug|Any CPU
		{13115FD8-63A1-FE84-C535-192CAD3D7731}.Release|Any CPU.ActiveCfg = Release|Any CPU
		{13115FD8-63A1-FE84-C535-192CAD3D7731}.Release|Any CPU.Build.0 = Release|Any CPU
	EndGlobalSection
	GlobalSection(SolutionProperties) = preSolution
		HideSolutionNode = FALSE
	EndGlobalSection
	GlobalSection(ExtensibilityGlobals) = postSolution
		SolutionGuid = {B6680B2B-2476-4960-84F8-592F14C3A82D}
	EndGlobalSection
EndGlobal
