Microsoft Visual Studio Solution File, Format Version 12.00
# Visual Studio Version 17
VisualStudioVersion = 17.5.2.0
MinimumVisualStudioVersion = 10.0.40219.1
Project("{FAE04EC0-301F-11D3-BF4B-00C04F79EFBC}") = "FP07_08", "FP07_08.csproj", "{D537C61C-3A29-7A68-3EA1-267F20B1DBF3}"
EndProject
Global
	GlobalSection(SolutionConfigurationPlatforms) = preSolution
		Debug|Any CPU = Debug|Any CPU
		Release|Any CPU = Release|Any CPU
	EndGlobalSection
	GlobalSection(ProjectConfigurationPlatforms) = postSolution
		{D537C61C-3A29-7A68-3EA1-267F20B1DBF3}.Debug|Any CPU.ActiveCfg = Debug|Any CPU
		{D537C61C-3A29-7A68-3EA1-267F20B1DBF3}.Debug|Any CPU.Build.0 = Debug|Any CPU
		{D537C61C-3A29-7A68-3EA1-267F20B1DBF3}.Release|Any CPU.ActiveCfg = Release|Any CPU
		{D537C61C-3A29-7A68-3EA1-267F20B1DBF3}.Release|Any CPU.Build.0 = Release|Any CPU
	EndGlobalSection
	GlobalSection(SolutionProperties) = preSolution
		HideSolutionNode = FALSE
	EndGlobalSection
	GlobalSection(ExtensibilityGlobals) = postSolution
		SolutionGuid = {CB2B7F15-1528-4AC1-A21C-D2E8DA1BE42D}
	EndGlobalSection
EndGlobal
