Microsoft Visual Studio Solution File, Format Version 12.00
# Visual Studio Version 17
VisualStudioVersion = 17.5.2.0
MinimumVisualStudioVersion = 10.0.40219.1
Project("{FAE04EC0-301F-11D3-BF4B-00C04F79EFBC}") = "FP 04.03", "FP 04.03.csproj", "{640B5041-6155-62D8-567F-D5B5EDB87ED2}"
EndProject
Global
	GlobalSection(SolutionConfigurationPlatforms) = preSolution
		Debug|Any CPU = Debug|Any CPU
		Release|Any CPU = Release|Any CPU
	EndGlobalSection
	GlobalSection(ProjectConfigurationPlatforms) = postSolution
		{640B5041-6155-62D8-567F-D5B5EDB87ED2}.Debug|Any CPU.ActiveCfg = Debug|Any CPU
		{640B5041-6155-62D8-567F-D5B5EDB87ED2}.Debug|Any CPU.Build.0 = Debug|Any CPU
		{640B5041-6155-62D8-567F-D5B5EDB87ED2}.Release|Any CPU.ActiveCfg = Release|Any CPU
		{640B5041-6155-62D8-567F-D5B5EDB87ED2}.Release|Any CPU.Build.0 = Release|Any CPU
	EndGlobalSection
	GlobalSection(SolutionProperties) = preSolution
		HideSolutionNode = FALSE
	EndGlobalSection
	GlobalSection(ExtensibilityGlobals) = postSolution
		SolutionGuid = {73BAD4A3-2705-4DD3-8C10-5D230FA920EB}
	EndGlobalSection
EndGlobal
