Microsoft Visual Studio Solution File, Format Version 12.00
# Visual Studio Version 17
VisualStudioVersion = 17.5.2.0
MinimumVisualStudioVersion = 10.0.40219.1
Project("{FAE04EC0-301F-11D3-BF4B-00C04F79EFBC}") = "FP 04.06", "FP 04.06.csproj", "{80E491D5-A89F-AA35-D117-359C7A821144}"
EndProject
Global
	GlobalSection(SolutionConfigurationPlatforms) = preSolution
		Debug|Any CPU = Debug|Any CPU
		Release|Any CPU = Release|Any CPU
	EndGlobalSection
	GlobalSection(ProjectConfigurationPlatforms) = postSolution
		{80E491D5-A89F-AA35-D117-359C7A821144}.Debug|Any CPU.ActiveCfg = Debug|Any CPU
		{80E491D5-A89F-AA35-D117-359C7A821144}.Debug|Any CPU.Build.0 = Debug|Any CPU
		{80E491D5-A89F-AA35-D117-359C7A821144}.Release|Any CPU.ActiveCfg = Release|Any CPU
		{80E491D5-A89F-AA35-D117-359C7A821144}.Release|Any CPU.Build.0 = Release|Any CPU
	EndGlobalSection
	GlobalSection(SolutionProperties) = preSolution
		HideSolutionNode = FALSE
	EndGlobalSection
	GlobalSection(ExtensibilityGlobals) = postSolution
		SolutionGuid = {36E23B44-1CAE-4292-9490-3D3A3E9D656B}
	EndGlobalSection
EndGlobal
