Microsoft Visual Studio Solution File, Format Version 12.00
# Visual Studio Version 17
VisualStudioVersion = 17.5.2.0
MinimumVisualStudioVersion = 10.0.40219.1
Project("{FAE04EC0-301F-11D3-BF4B-00C04F79EFBC}") = "FP08_04", "FP08_04.csproj", "{473492AA-FF06-E439-7348-7EA29F2E3785}"
EndProject
Global
	GlobalSection(SolutionConfigurationPlatforms) = preSolution
		Debug|Any CPU = Debug|Any CPU
		Release|Any CPU = Release|Any CPU
	EndGlobalSection
	GlobalSection(ProjectConfigurationPlatforms) = postSolution
		{473492AA-FF06-E439-7348-7EA29F2E3785}.Debug|Any CPU.ActiveCfg = Debug|Any CPU
		{473492AA-FF06-E439-7348-7EA29F2E3785}.Debug|Any CPU.Build.0 = Debug|Any CPU
		{473492AA-FF06-E439-7348-7EA29F2E3785}.Release|Any CPU.ActiveCfg = Release|Any CPU
		{473492AA-FF06-E439-7348-7EA29F2E3785}.Release|Any CPU.Build.0 = Release|Any CPU
	EndGlobalSection
	GlobalSection(SolutionProperties) = preSolution
		HideSolutionNode = FALSE
	EndGlobalSection
	GlobalSection(ExtensibilityGlobals) = postSolution
		SolutionGuid = {BC460E9E-E4F7-4D8B-8BBF-4DF5979A6BB1}
	EndGlobalSection
EndGlobal
