Microsoft Visual Studio Solution File, Format Version 12.00
# Visual Studio Version 17
VisualStudioVersion = 17.5.2.0
MinimumVisualStudioVersion = 10.0.40219.1
Project("{FAE04EC0-301F-11D3-BF4B-00C04F79EFBC}") = "FP 02.10", "FP 02.10.csproj", "{B007469F-1ACC-4B4C-FAA7-B1932950EAB6}"
EndProject
Global
	GlobalSection(SolutionConfigurationPlatforms) = preSolution
		Debug|Any CPU = Debug|Any CPU
		Release|Any CPU = Release|Any CPU
	EndGlobalSection
	GlobalSection(ProjectConfigurationPlatforms) = postSolution
		{B007469F-1ACC-4B4C-FAA7-B1932950EAB6}.Debug|Any CPU.ActiveCfg = Debug|Any CPU
		{B007469F-1ACC-4B4C-FAA7-B1932950EAB6}.Debug|Any CPU.Build.0 = Debug|Any CPU
		{B007469F-1ACC-4B4C-FAA7-B1932950EAB6}.Release|Any CPU.ActiveCfg = Release|Any CPU
		{B007469F-1ACC-4B4C-FAA7-B1932950EAB6}.Release|Any CPU.Build.0 = Release|Any CPU
	EndGlobalSection
	GlobalSection(SolutionProperties) = preSolution
		HideSolutionNode = FALSE
	EndGlobalSection
	GlobalSection(ExtensibilityGlobals) = postSolution
		SolutionGuid = {ED5CB5B4-C164-48DC-82A0-3B9DCCD19D93}
	EndGlobalSection
EndGlobal
