Microsoft Visual Studio Solution File, Format Version 12.00
# Visual Studio Version 17
VisualStudioVersion = 17.5.2.0
MinimumVisualStudioVersion = 10.0.40219.1
Project("{FAE04EC0-301F-11D3-BF4B-00C04F79EFBC}") = "FP 04.11", "FP 04.11.csproj", "{6EEE1774-5AB8-2C98-0E90-40894F55BD77}"
EndProject
Global
	GlobalSection(SolutionConfigurationPlatforms) = preSolution
		Debug|Any CPU = Debug|Any CPU
		Release|Any CPU = Release|Any CPU
	EndGlobalSection
	GlobalSection(ProjectConfigurationPlatforms) = postSolution
		{6EEE1774-5AB8-2C98-0E90-40894F55BD77}.Debug|Any CPU.ActiveCfg = Debug|Any CPU
		{6EEE1774-5AB8-2C98-0E90-40894F55BD77}.Debug|Any CPU.Build.0 = Debug|Any CPU
		{6EEE1774-5AB8-2C98-0E90-40894F55BD77}.Release|Any CPU.ActiveCfg = Release|Any CPU
		{6EEE1774-5AB8-2C98-0E90-40894F55BD77}.Release|Any CPU.Build.0 = Release|Any CPU
	EndGlobalSection
	GlobalSection(SolutionProperties) = preSolution
		HideSolutionNode = FALSE
	EndGlobalSection
	GlobalSection(ExtensibilityGlobals) = postSolution
		SolutionGuid = {C9E24CE5-1517-4827-8B9D-F72FBC9C20B3}
	EndGlobalSection
EndGlobal
