Microsoft Visual Studio Solution File, Format Version 12.00
# Visual Studio Version 17
VisualStudioVersion = 17.5.2.0
MinimumVisualStudioVersion = 10.0.40219.1
Project("{FAE04EC0-301F-11D3-BF4B-00C04F79EFBC}") = "FP 02.8", "FP 02.8.csproj", "{853ADD50-52A8-2FB1-488C-8FD818BD7465}"
EndProject
Global
	GlobalSection(SolutionConfigurationPlatforms) = preSolution
		Debug|Any CPU = Debug|Any CPU
		Release|Any CPU = Release|Any CPU
	EndGlobalSection
	GlobalSection(ProjectConfigurationPlatforms) = postSolution
		{853ADD50-52A8-2FB1-488C-8FD818BD7465}.Debug|Any CPU.ActiveCfg = Debug|Any CPU
		{853ADD50-52A8-2FB1-488C-8FD818BD7465}.Debug|Any CPU.Build.0 = Debug|Any CPU
		{853ADD50-52A8-2FB1-488C-8FD818BD7465}.Release|Any CPU.ActiveCfg = Release|Any CPU
		{853ADD50-52A8-2FB1-488C-8FD818BD7465}.Release|Any CPU.Build.0 = Release|Any CPU
	EndGlobalSection
	GlobalSection(SolutionProperties) = preSolution
		HideSolutionNode = FALSE
	EndGlobalSection
	GlobalSection(ExtensibilityGlobals) = postSolution
		SolutionGuid = {E8B4E62A-1B9D-47AB-B116-98BB3D123F65}
	EndGlobalSection
EndGlobal
