Microsoft Visual Studio Solution File, Format Version 12.00
# Visual Studio Version 17
VisualStudioVersion = 17.5.2.0
MinimumVisualStudioVersion = 10.0.40219.1
Project("{FAE04EC0-301F-11D3-BF4B-00C04F79EFBC}") = "FP 05.10", "FP 05.10.csproj", "{11D67BFF-C618-5E48-18F3-E89A3CCC230E}"
EndProject
Global
	GlobalSection(SolutionConfigurationPlatforms) = preSolution
		Debug|Any CPU = Debug|Any CPU
		Release|Any CPU = Release|Any CPU
	EndGlobalSection
	GlobalSection(ProjectConfigurationPlatforms) = postSolution
		{11D67BFF-C618-5E48-18F3-E89A3CCC230E}.Debug|Any CPU.ActiveCfg = Debug|Any CPU
		{11D67BFF-C618-5E48-18F3-E89A3CCC230E}.Debug|Any CPU.Build.0 = Debug|Any CPU
		{11D67BFF-C618-5E48-18F3-E89A3CCC230E}.Release|Any CPU.ActiveCfg = Release|Any CPU
		{11D67BFF-C618-5E48-18F3-E89A3CCC230E}.Release|Any CPU.Build.0 = Release|Any CPU
	EndGlobalSection
	GlobalSection(SolutionProperties) = preSolution
		HideSolutionNode = FALSE
	EndGlobalSection
	GlobalSection(ExtensibilityGlobals) = postSolution
		SolutionGuid = {29541995-76A3-42D0-B90B-2D14CC53B04A}
	EndGlobalSection
EndGlobal
